
Microsoft Visual Studio Solution File, Format Version 12.00
# Visual Studio Version 17
VisualStudioVersion = 17.11.35222.181
MinimumVisualStudioVersion = 10.0.40219.1
Project("{FAE04EC0-301F-11D3-BF4B-00C04F79EFBC}") = "dyno-api", "dyno-api\dyno-api.csproj", "{B99B5517-8C00-4442-9391-BC2307A7E38C}"
EndProject
Project("{FAE04EC0-301F-11D3-BF4B-00C04F79EFBC}") = "dyno-server", "dyno-server\dyno-server.csproj", "{15E251D7-7710-4EAF-9715-51120323B90C}"
EndProject
Project("{FAE04EC0-301F-11D3-BF4B-00C04F79EFBC}") = "dyno-gui", "dyno-gui\dyno-gui.csproj", "{AAF89452-2BC5-4C4E-8357-60120C903667}"
EndProject
Project("{2150E333-8FDC-42A3-9474-1A3956D46DE8}") = "Solution items", "Solution items", "{5DFC64E5-104F-4B63-9B5E-06E6A47BD2E5}"
	ProjectSection(SolutionItems) = preProject
		dyno.targets = dyno.targets
	EndProjectSection
EndProject
Global
	GlobalSection(SolutionConfigurationPlatforms) = preSolution
		Debug|Any CPU = Debug|Any CPU
		Release|Any CPU = Release|Any CPU
	EndGlobalSection
	GlobalSection(ProjectConfigurationPlatforms) = postSolution
		{B99B5517-8C00-4442-9391-BC2307A7E38C}.Debug|Any CPU.ActiveCfg = Debug|Any CPU
		{B99B5517-8C00-4442-9391-BC2307A7E38C}.Debug|Any CPU.Build.0 = Debug|Any CPU
		{B99B5517-8C00-4442-9391-BC2307A7E38C}.Release|Any CPU.ActiveCfg = Release|Any CPU
		{B99B5517-8C00-4442-9391-BC2307A7E38C}.Release|Any CPU.Build.0 = Release|Any CPU
		{15E251D7-7710-4EAF-9715-51120323B90C}.Debug|Any CPU.ActiveCfg = Debug|Any CPU
		{15E251D7-7710-4EAF-9715-51120323B90C}.Debug|Any CPU.Build.0 = Debug|Any CPU
		{15E251D7-7710-4EAF-9715-51120323B90C}.Release|Any CPU.ActiveCfg = Release|Any CPU
		{15E251D7-7710-4EAF-9715-51120323B90C}.Release|Any CPU.Build.0 = Release|Any CPU
		{AAF89452-2BC5-4C4E-8357-60120C903667}.Debug|Any CPU.ActiveCfg = Debug|Any CPU
		{AAF89452-2BC5-4C4E-8357-60120C903667}.Debug|Any CPU.Build.0 = Debug|Any CPU
		{AAF89452-2BC5-4C4E-8357-60120C903667}.Release|Any CPU.ActiveCfg = Release|Any CPU
		{AAF89452-2BC5-4C4E-8357-60120C903667}.Release|Any CPU.Build.0 = Release|Any CPU
	EndGlobalSection
	GlobalSection(SolutionProperties) = preSolution
		HideSolutionNode = FALSE
	EndGlobalSection
	GlobalSection(ExtensibilityGlobals) = postSolution
		SolutionGuid = {256186D7-C4FD-45A3-A3A5-FC7D294ED565}
	EndGlobalSection
EndGlobal
